
Microsoft Visual Studio Solution File, Format Version 12.00
Project("{FAE04EC0-301F-11D3-BF4B-00C04F79EFBC}") = "DataGridDemo", "DataGridDemo\DataGridDemo.csproj", "{633950E1-E93A-4958-9FF8-E4AAB18F28E6}"
EndProject
Global
	GlobalSection(SolutionConfigurationPlatforms) = preSolution
		Debug|Any CPU = Debug|Any CPU
		Release|Any CPU = Release|Any CPU
	EndGlobalSection
	GlobalSection(ProjectConfigurationPlatforms) = postSolution
		{633950E1-E93A-4958-9FF8-E4AAB18F28E6}.Debug|Any CPU.ActiveCfg = Debug|Any CPU
		{633950E1-E93A-4958-9FF8-E4AAB18F28E6}.Debug|Any CPU.Build.0 = Debug|Any CPU
		{633950E1-E93A-4958-9FF8-E4AAB18F28E6}.Release|Any CPU.ActiveCfg = Release|Any CPU
		{633950E1-E93A-4958-9FF8-E4AAB18F28E6}.Release|Any CPU.Build.0 = Release|Any CPU
	EndGlobalSection
EndGlobal
